{
  "meteor": {},
  "dependencies": {
    "basePackages": {
      "lodash": {
        "path": "../meteor-lodash"
      },
      "prizm-core": {
        "path": "../prizm-core"
      }
    },
    "packages": {
      "lodash": {
        "path": "../meteor-lodash"
      },
      "prizm-core": {
        "path": "../prizm-core"
      }
    }
  }
}
